{
  "version": 4,
  "terraform_version": "0.13.4",
  "serial": 51,
  "lineage": "37e9c7f8-b9bc-f468-ccd2-0e10f444f879",
  "outputs": {
    "account_id": {
      "value": "437783695806",
      "type": "string"
    },
    "caller_arn": {
      "value": "arn:aws:iam::437783695806:user/ben",
      "type": "string"
    },
    "caller_user": {
      "value": "AIDAWL3PRCG7BEH25ZPS5",
      "type": "string"
    },
    "public_ip": {
      "value": [
        "34.243.96.111",
        "34.244.143.125"
      ],
      "type": [
        "tuple",
        [
          "string",
          "string"
        ]
      ]
    }
  },
  "resources": [
    {
      "mode": "data",
      "type": "aws_caller_identity",
      "name": "current",
      "provider": "provider[\"registry.terraform.io/hashicorp/aws\"]",
      "instances": [
        {
          "schema_version": 0,
          "attributes": {
            "account_id": "437783695806",
            "arn": "arn:aws:iam::437783695806:user/ben",
            "id": "2020-12-01 14:25:36.843654 +0000 UTC",
            "user_id": "AIDAWL3PRCG7BEH25ZPS5"
          }
        }
      ]
    },
    {
      "mode": "managed",
      "type": "aws_instance",
      "name": "ec2-apache",
      "provider": "provider[\"registry.terraform.io/hashicorp/aws\"]",
      "instances": [
        {
          "index_key": 0,
          "schema_version": 1,
          "attributes": {
            "ami": "ami-0ce1e3f77cd41957e",
            "arn": "arn:aws:ec2:eu-west-1:437783695806:instance/i-0f0f140f6a9b579c7",
            "associate_public_ip_address": true,
            "availability_zone": "eu-west-1c",
            "cpu_core_count": 1,
            "cpu_threads_per_core": 1,
            "credit_specification": [
              {
                "cpu_credits": "standard"
              }
            ],
            "disable_api_termination": false,
            "ebs_block_device": [],
            "ebs_optimized": false,
            "ephemeral_block_device": [],
            "get_password_data": false,
            "hibernation": false,
            "host_id": null,
            "iam_instance_profile": "",
            "id": "i-0f0f140f6a9b579c7",
            "instance_initiated_shutdown_behavior": null,
            "instance_state": "running",
            "instance_type": "t2.micro",
            "ipv6_address_count": 0,
            "ipv6_addresses": [],
            "key_name": "testec2",
            "metadata_options": [
              {
                "http_endpoint": "enabled",
                "http_put_response_hop_limit": 1,
                "http_tokens": "optional"
              }
            ],
            "monitoring": false,
            "network_interface": [],
            "network_interface_id": null,
            "outpost_arn": "",
            "password_data": "",
            "placement_group": "",
            "primary_network_interface_id": "eni-01d027853b4f7a6db",
            "private_dns": "ip-172-31-44-233.eu-west-1.compute.internal",
            "private_ip": "172.31.44.233",
            "public_dns": "ec2-34-243-96-111.eu-west-1.compute.amazonaws.com",
            "public_ip": "34.243.96.111",
            "root_block_device": [
              {
                "delete_on_termination": true,
                "device_name": "/dev/xvda",
                "encrypted": false,
                "iops": 100,
                "kms_key_id": "",
                "volume_id": "vol-05a4dee2c4b3d9708",
                "volume_size": 8,
                "volume_type": "gp2"
              }
            ],
            "security_groups": [
              "training-ssh-from-anywhere"
            ],
            "source_dest_check": true,
            "subnet_id": "subnet-8a52c2d0",
            "tags": {
              "Name": "tf-ec2-1",
              "project": "training"
            },
            "tenancy": "default",
            "timeouts": null,
            "user_data": "b8474b0ab0d6ebdd23b8d013a60651d5e00ce5b3",
            "user_data_base64": null,
            "volume_tags": {},
            "vpc_security_group_ids": [
              "sg-0a1aba934688bec2a"
            ]
          },
          "private": "eyJlMmJmYjczMC1lY2FhLTExZTYtOGY4OC0zNDM2M2JjN2M0YzAiOnsiY3JlYXRlIjo2MDAwMDAwMDAwMDAsImRlbGV0ZSI6MTIwMDAwMDAwMDAwMCwidXBkYXRlIjo2MDAwMDAwMDAwMDB9LCJzY2hlbWFfdmVyc2lvbiI6IjEifQ=="
        },
        {
          "index_key": 1,
          "schema_version": 1,
          "attributes": {
            "ami": "ami-0ce1e3f77cd41957e",
            "arn": "arn:aws:ec2:eu-west-1:437783695806:instance/i-044bde2cba2218907",
            "associate_public_ip_address": true,
            "availability_zone": "eu-west-1c",
            "cpu_core_count": 1,
            "cpu_threads_per_core": 1,
            "credit_specification": [
              {
                "cpu_credits": "standard"
              }
            ],
            "disable_api_termination": false,
            "ebs_block_device": [],
            "ebs_optimized": false,
            "ephemeral_block_device": [],
            "get_password_data": false,
            "hibernation": false,
            "host_id": null,
            "iam_instance_profile": "",
            "id": "i-044bde2cba2218907",
            "instance_initiated_shutdown_behavior": null,
            "instance_state": "running",
            "instance_type": "t2.micro",
            "ipv6_address_count": 0,
            "ipv6_addresses": [],
            "key_name": "testec2",
            "metadata_options": [
              {
                "http_endpoint": "enabled",
                "http_put_response_hop_limit": 1,
                "http_tokens": "optional"
              }
            ],
            "monitoring": false,
            "network_interface": [],
            "network_interface_id": null,
            "outpost_arn": "",
            "password_data": "",
            "placement_group": "",
            "primary_network_interface_id": "eni-0fd83a061c77df773",
            "private_dns": "ip-172-31-41-32.eu-west-1.compute.internal",
            "private_ip": "172.31.41.32",
            "public_dns": "ec2-34-244-143-125.eu-west-1.compute.amazonaws.com",
            "public_ip": "34.244.143.125",
            "root_block_device": [
              {
                "delete_on_termination": true,
                "device_name": "/dev/xvda",
                "encrypted": false,
                "iops": 100,
                "kms_key_id": "",
                "volume_id": "vol-0022de761b93de299",
                "volume_size": 8,
                "volume_type": "gp2"
              }
            ],
            "security_groups": [
              "training-ssh-from-anywhere"
            ],
            "source_dest_check": true,
            "subnet_id": "subnet-8a52c2d0",
            "tags": {
              "Name": "tf-ec2-2",
              "project": "training"
            },
            "tenancy": "default",
            "timeouts": null,
            "user_data": "b8474b0ab0d6ebdd23b8d013a60651d5e00ce5b3",
            "user_data_base64": null,
            "volume_tags": {},
            "vpc_security_group_ids": [
              "sg-0a1aba934688bec2a"
            ]
          },
          "private": "eyJlMmJmYjczMC1lY2FhLTExZTYtOGY4OC0zNDM2M2JjN2M0YzAiOnsiY3JlYXRlIjo2MDAwMDAwMDAwMDAsImRlbGV0ZSI6MTIwMDAwMDAwMDAwMCwidXBkYXRlIjo2MDAwMDAwMDAwMDB9LCJzY2hlbWFfdmVyc2lvbiI6IjEifQ=="
        }
      ]
    }
  ]
}
